
Microsoft Visual Studio Solution File, Format Version 12.00
# Visual Studio Version 17
VisualStudioVersion = 17.5.002.0
MinimumVisualStudioVersion = 10.0.40219.1
Project("{9A19103F-16F7-4668-BE54-9A1E7A4F7556}") = "project", "project.csproj", "{2574A4DF-5C8E-4FFF-8BAD-27B4C1FBA9DB}"
EndProject
Global
	GlobalSection(SolutionConfigurationPlatforms) = preSolution
		Debug|Any CPU = Debug|Any CPU
		Release|Any CPU = Release|Any CPU
	EndGlobalSection
	GlobalSection(ProjectConfigurationPlatforms) = postSolution
		{2574A4DF-5C8E-4FFF-8BAD-27B4C1FBA9DB}.Debug|Any CPU.ActiveCfg = Debug|Any CPU
		{2574A4DF-5C8E-4FFF-8BAD-27B4C1FBA9DB}.Debug|Any CPU.Build.0 = Debug|Any CPU
		{2574A4DF-5C8E-4FFF-8BAD-27B4C1FBA9DB}.Release|Any CPU.ActiveCfg = Release|Any CPU
		{2574A4DF-5C8E-4FFF-8BAD-27B4C1FBA9DB}.Release|Any CPU.Build.0 = Release|Any CPU
	EndGlobalSection
	GlobalSection(SolutionProperties) = preSolution
		HideSolutionNode = FALSE
	EndGlobalSection
	GlobalSection(ExtensibilityGlobals) = postSolution
		SolutionGuid = {A2DAA41E-3661-4AFE-ACC2-5BE176C47238}
	EndGlobalSection
EndGlobal
